
Microsoft Visual Studio Solution File, Format Version 12.00
# Visual Studio Version 16
VisualStudioVersion = 25.0.1705.1
MinimumVisualStudioVersion = 10.0.40219.1
Project("{FAE04EC0-301F-11D3-BF4B-00C04F79EFBC}") = "CarTests", "CarTests\CarTests.csproj", "{89A96111-C42D-4BB3-B52C-5727F48DA4CF}"
EndProject
Project("{FAE04EC0-301F-11D3-BF4B-00C04F79EFBC}") = "CarNS", "CarNS\CarNS.csproj", "{6D11C1F3-5B98-449A-812A-5E98E9B82DD3}"
EndProject
Global
	GlobalSection(SolutionConfigurationPlatforms) = preSolution
		Debug|Any CPU = Debug|Any CPU
		Release|Any CPU = Release|Any CPU
	EndGlobalSection
	GlobalSection(ProjectConfigurationPlatforms) = postSolution
		{89A96111-C42D-4BB3-B52C-5727F48DA4CF}.Debug|Any CPU.ActiveCfg = Debug|Any CPU
		{89A96111-C42D-4BB3-B52C-5727F48DA4CF}.Debug|Any CPU.Build.0 = Debug|Any CPU
		{89A96111-C42D-4BB3-B52C-5727F48DA4CF}.Release|Any CPU.ActiveCfg = Release|Any CPU
		{89A96111-C42D-4BB3-B52C-5727F48DA4CF}.Release|Any CPU.Build.0 = Release|Any CPU
		{6D11C1F3-5B98-449A-812A-5E98E9B82DD3}.Debug|Any CPU.ActiveCfg = Debug|Any CPU
		{6D11C1F3-5B98-449A-812A-5E98E9B82DD3}.Debug|Any CPU.Build.0 = Debug|Any CPU
		{6D11C1F3-5B98-449A-812A-5E98E9B82DD3}.Release|Any CPU.ActiveCfg = Release|Any CPU
		{6D11C1F3-5B98-449A-812A-5E98E9B82DD3}.Release|Any CPU.Build.0 = Release|Any CPU
	EndGlobalSection
	GlobalSection(SolutionProperties) = preSolution
		HideSolutionNode = FALSE
	EndGlobalSection
	GlobalSection(ExtensibilityGlobals) = postSolution
		SolutionGuid = {2C833020-9406-4597-8047-CE387852138E}
	EndGlobalSection
EndGlobal
